<?xml version="1.0" encoding="utf-8"?>
<Project ToolsVersion="4.0" xmlns="http://schemas.microsoft.com/developer/msbuild/2003">
  <ItemGroup>
    <Filter Include="Source Files">
      <UniqueIdentifier>{4FC737F1-C7A5-4376-A066-2A32D752A2FF}</UniqueIdentifier>
      <Extensions>cpp;c;cc;cxx;c++;cppm;ixx;def;odl;idl;hpj;bat;asm;asmx</Extensions>
    </Filter>
    <Filter Include="Header Files">
      <UniqueIdentifier>{93995380-89BD-4b04-88EB-625FBE52EBFB}</UniqueIdentifier>
      <Extensions>h;hh;hpp;hxx;h++;hm;inl;inc;ipp;xsd</Extensions>
    </Filter>
    <Filter Include="Resource Files">
      <UniqueIdentifier>{67DA6AB6-F800-4c08-8B7A-83BB121AAD01}</UniqueIdentifier>
      <Extensions>rc;ico;cur;bmp;dlg;rc2;rct;bin;rgs;gif;jpg;jpeg;jpe;resx;tiff;tif;png;wav;mfcribbon-ms</Extensions>
    </Filter>
  </ItemGroup>
  <ItemGroup>
    <ClCompile Include="RPGBattleSimulator_V2.cpp">
      <Filter>Source Files</Filter>
    </ClCompile>
    <ClCompile Include="Character.cpp">
      <Filter>Source Files</Filter>
    </ClCompile>
    <ClCompile Include="CharacterPlayer.cpp">
      <Filter>Source Files</Filter>
    </ClCompile>
    <ClCompile Include="Item.cpp">
      <Filter>Source Files</Filter>
    </ClCompile>
    <ClCompile Include="ItemEquipped.cpp">
      <Filter>Source Files</Filter>
    </ClCompile>
    <ClCompile Include="PartyInventory.cpp">
      <Filter>Source Files</Filter>
    </ClCompile>
    <ClCompile Include="PreBattleInit.cpp">
      <Filter>Source Files</Filter>
    </ClCompile>
    <ClCompile Include="GameObjectBuilder.cpp">
      <Filter>Source Files</Filter>
    </ClCompile>
    <ClCompile Include="PreBattleMenuState.cpp">
      <Filter>Source Files</Filter>
    </ClCompile>
    <ClCompile Include="PreBattleMenuStateMain.cpp">
      <Filter>Source Files</Filter>
    </ClCompile>
    <ClCompile Include="PreBattleMenuStateParty.cpp">
      <Filter>Source Files</Filter>
    </ClCompile>
    <ClCompile Include="PartyManager.cpp">
      <Filter>Source Files</Filter>
    </ClCompile>
    <ClCompile Include="NameSpaceMenuHeader.cpp">
      <Filter>Source Files</Filter>
    </ClCompile>
    <ClCompile Include="NamespacePartyPrinter.cpp">
      <Filter>Source Files</Filter>
    </ClCompile>
    <ClCompile Include="NamespaceCharacterSorter.cpp">
      <Filter>Source Files</Filter>
    </ClCompile>
    <ClCompile Include="NamespaceUserSelection.cpp">
      <Filter>Source Files</Filter>
    </ClCompile>
    <ClCompile Include="ItemConsumable.cpp">
      <Filter>Source Files</Filter>
    </ClCompile>
    <ClCompile Include="PreBattleMenuStateItems.cpp">
      <Filter>Source Files</Filter>
    </ClCompile>
    <ClCompile Include="PreBattleMenuStateEquipItems.cpp">
      <Filter>Source Files</Filter>
    </ClCompile>
    <ClCompile Include="NamespaceItemPrinter.cpp">
      <Filter>Source Files</Filter>
    </ClCompile>
  </ItemGroup>
  <ItemGroup>
    <ClInclude Include="Character.h">
      <Filter>Header Files</Filter>
    </ClInclude>
    <ClInclude Include="EnumItemSlots.h">
      <Filter>Header Files</Filter>
    </ClInclude>
    <ClInclude Include="CharacterPlayer.h">
      <Filter>Header Files</Filter>
    </ClInclude>
    <ClInclude Include="Item.h">
      <Filter>Header Files</Filter>
    </ClInclude>
    <ClInclude Include="ItemEquipped.h">
      <Filter>Header Files</Filter>
    </ClInclude>
    <ClInclude Include="EnumBuff.h">
      <Filter>Header Files</Filter>
    </ClInclude>
    <ClInclude Include="PartyInventory.h">
      <Filter>Header Files</Filter>
    </ClInclude>
    <ClInclude Include="PreBattleInit.h">
      <Filter>Header Files</Filter>
    </ClInclude>
    <ClInclude Include="GameObjectBuilder.h">
      <Filter>Header Files</Filter>
    </ClInclude>
    <ClInclude Include="PreBattleMenuState.h">
      <Filter>Header Files</Filter>
    </ClInclude>
    <ClInclude Include="PreBattleMenuStateMain.h">
      <Filter>Header Files</Filter>
    </ClInclude>
    <ClInclude Include="PreBattleMenuStateParty.h">
      <Filter>Header Files</Filter>
    </ClInclude>
    <ClInclude Include="NamespaceMenuHeader.h">
      <Filter>Header Files</Filter>
    </ClInclude>
    <ClInclude Include="PartyManager.h">
      <Filter>Header Files</Filter>
    </ClInclude>
    <ClInclude Include="NamespacePartyPrinter.h">
      <Filter>Header Files</Filter>
    </ClInclude>
    <ClInclude Include="NamespaceCharacterSorter.h">
      <Filter>Header Files</Filter>
    </ClInclude>
    <ClInclude Include="NamespaceUserSelection.h">
      <Filter>Header Files</Filter>
    </ClInclude>
    <ClInclude Include="ItemConsumable.h">
      <Filter>Header Files</Filter>
    </ClInclude>
    <ClInclude Include="PreBattleMenuStateItems.h">
      <Filter>Header Files</Filter>
    </ClInclude>
    <ClInclude Include="PreBattleMenuStateEquipItems.h">
      <Filter>Header Files</Filter>
    </ClInclude>
    <ClInclude Include="NamespaceItemPrinter.h">
      <Filter>Header Files</Filter>
    </ClInclude>
  </ItemGroup>
  <ItemGroup>
    <None Include="PartyMembers.json" />
    <None Include="packages.config" />
    <None Include="ItemEquipped.json" />
  </ItemGroup>
</Project>